// !$*UTF8*$!
{
	archiveVersion = 1;
	classes = {
	};
	objectVersion = 77;
	objects = {

/* Begin PBXContainerItemProxy section */
		E424DFA02ED74A2E00101ED9 /* PBXContainerItemProxy */ = {
			isa = PBXContainerItemProxy;
			containerPortal = E424DF8A2ED74A2B00101ED9 /* Project object */;
			proxyType = 1;
			remoteGlobalIDString = E424DF912ED74A2B00101ED9;
			remoteInfo = ColorChangeDemoApp;
		};
		E424DFAA2ED74A2E00101ED9 /* PBXContainerItemProxy */ = {
			isa = PBXContainerItemProxy;
			containerPortal = E424DF8A2ED74A2B00101ED9 /* Project object */;
			proxyType = 1;
			remoteGlobalIDString = E424DF912ED74A2B00101ED9;
			remoteInfo = ColorChangeDemoApp;
		};
/* End PBXContainerItemProxy section */

/* Begin PBXFileReference section */
		E424DF922ED74A2B00101ED9 /* ColorChangeDemoApp.app */ = {isa = PBXFileReference; explicitFileType = wrapper.application; includeInIndex = 0; path = ColorChangeDemoApp.app; sourceTree = BUILT_PRODUCTS_DIR; };
		E424DF9F2ED74A2E00101ED9 /* ColorChangeDemoAppTests.xctest */ = {isa = PBXFileReference; explicitFileType = wrapper.cfbundle; includeInIndex = 0; path = ColorChangeDemoAppTests.xctest; sourceTree = BUILT_PRODUCTS_DIR; };
		E424DFA92ED74A2E00101ED9 /* ColorChangeDemoAppUITests.xctest */ = {isa = PBXFileReference; explicitFileType = wrapper.cfbundle; includeInIndex = 0; path = ColorChangeDemoAppUITests.xctest; sourceTree = BUILT_PRODUCTS_DIR; };
/* End PBXFileReference section */

/* Begin PBXFileSystemSynchronizedRootGroup section */
		E424DF942ED74A2B00101ED9 /* ColorChangeDemoApp */ = {
			isa = PBXFileSystemSynchronizedRootGroup;
			path = ColorChangeDemoApp;
			sourceTree = "<group>";
		};
		E424DFA22ED74A2E00101ED9 /* ColorChangeDemoAppTests */ = {
			isa = PBXFileSystemSynchronizedRootGroup;
			path = ColorChangeDemoAppTests;
			sourceTree = "<group>";
		};
		E424DFAC2ED74A2E00101ED9 /* ColorChangeDemoAppUITests */ = {
			isa = PBXFileSystemSynchronizedRootGroup;
			path = ColorChangeDemoAppUITests;
			sourceTree = "<group>";
		};
/* End PBXFileSystemSynchronizedRootGroup section */

/* Begin PBXFrameworksBuildPhase section */
		E424DF8F2ED74A2B00101ED9 /* Frameworks */ = {
			isa = PBXFrameworksBuildPhase;
			buildActionMask = 2147483647;
			files = (
			);
			runOnlyForDeploymentPostprocessing = 0;
		};
		E424DF9C2ED74A2E00101ED9 /* Frameworks */ = {
			isa = PBXFrameworksBuildPhase;
			buildActionMask = 2147483647;
			files = (
			);
			runOnlyForDeploymentPostprocessing = 0;
		};
		E424DFA62ED74A2E00101ED9 /* Frameworks */ = {
			isa = PBXFrameworksBuildPhase;
			buildActionMask = 2147483647;
			files = (
			);
			runOnlyForDeploymentPostprocessing = 0;
		};
/* End PBXFrameworksBuildPhase section */

/* Begin PBXGroup section */
		E424DF892ED74A2B00101ED9 = {
			isa = PBXGroup;
			children = (
				E424DF942ED74A2B00101ED9 /* ColorChangeDemoApp */,
				E424DFA22ED74A2E00101ED9 /* ColorChangeDemoAppTests */,
				E424DFAC2ED74A2E00101ED9 /* ColorChangeDemoAppUITests */,
				E424DF932ED74A2B00101ED9 /* Products */,
			);
			sourceTree = "<group>";
		};
		E424DF932ED74A2B00101ED9 /* Products */ = {
			isa = PBXGroup;
			children = (
				E424DF922ED74A2B00101ED9 /* ColorChangeDemoApp.app */,
				E424DF9F2ED74A2E00101ED9 /* ColorChangeDemoAppTests.xctest */,
				E424DFA92ED74A2E00101ED9 /* ColorChangeDemoAppUITests.xctest */,
			);
			name = Products;
			sourceTree = "<group>";
		};
/* End PBXGroup section */

/* Begin PBXNativeTarget section */
		E424DF912ED74A2B00101ED9 /* ColorChangeDemoApp */ = {
			isa = PBXNativeTarget;
			buildConfigurationList = E424DFB32ED74A2E00101ED9 /* Build configuration list for PBXNativeTarget "ColorChangeDemoApp" */;
			buildPhases = (
				E424DF8E2ED74A2B00101ED9 /* Sources */,
				E424DF8F2ED74A2B00101ED9 /* Frameworks */,
				E424DF902ED74A2B00101ED9 /* Resources */,
			);
			buildRules = (
			);
			dependencies = (
			);
			fileSystemSynchronizedGroups = (
				E424DF942ED74A2B00101ED9 /* ColorChangeDemoApp */,
			);
			name = ColorChangeDemoApp;
			packageProductDependencies = (
			);
			productName = ColorChangeDemoApp;
			productReference = E424DF922ED74A2B00101ED9 /* ColorChangeDemoApp.app */;
			productType = "com.apple.product-type.application";
		};
		E424DF9E2ED74A2E00101ED9 /* ColorChangeDemoAppTests */ = {
			isa = PBXNativeTarget;
			buildConfigurationList = E424DFB62ED74A2E00101ED9 /* Build configuration list for PBXNativeTarget "ColorChangeDemoAppTests" */;
			buildPhases = (
				E424DF9B2ED74A2E00101ED9 /* Sources */,
				E424DF9C2ED74A2E00101ED9 /* Frameworks */,
				E424DF9D2ED74A2E00101ED9 /* Resources */,
			);
			buildRules = (
			);
			dependencies = (
				E424DFA12ED74A2E00101ED9 /* PBXTargetDependency */,
			);
			fileSystemSynchronizedGroups = (
				E424DFA22ED74A2E00101ED9 /* ColorChangeDemoAppTests */,
			);
			name = ColorChangeDemoAppTests;
			packageProductDependencies = (
			);
			productName = ColorChangeDemoAppTests;
			productReference = E424DF9F2ED74A2E00101ED9 /* ColorChangeDemoAppTests.xctest */;
			productType = "com.apple.product-type.bundle.unit-test";
		};
		E424DFA82ED74A2E00101ED9 /* ColorChangeDemoAppUITests */ = {
			isa = PBXNativeTarget;
			buildConfigurationList = E424DFB92ED74A2E00101ED9 /* Build configuration list for PBXNativeTarget "ColorChangeDemoAppUITests" */;
			buildPhases = (
				E424DFA52ED74A2E00101ED9 /* Sources */,
				E424DFA62ED74A2E00101ED9 /* Frameworks */,
				E424DFA72ED74A2E00101ED9 /* Resources */,
			);
			buildRules = (
			);
			dependencies = (
				E424DFAB2ED74A2E00101ED9 /* PBXTargetDependency */,
			);
			fileSystemSynchronizedGroups = (
				E424DFAC2ED74A2E00101ED9 /* ColorChangeDemoAppUITests */,
			);
			name = ColorChangeDemoAppUITests;
			packageProductDependencies = (
			);
			productName = ColorChangeDemoAppUITests;
			productReference = E424DFA92ED74A2E00101ED9 /* ColorChangeDemoAppUITests.xctest */;
			productType = "com.apple.product-type.bundle.ui-testing";
		};
/* End PBXNativeTarget section */

/* Begin PBXProject section */
		E424DF8A2ED74A2B00101ED9 /* Project object */ = {
			isa = PBXProject;
			attributes = {
				BuildIndependentTargetsInParallel = 1;
				LastSwiftUpdateCheck = 1630;
				LastUpgradeCheck = 1630;
				TargetAttributes = {
					E424DF912ED74A2B00101ED9 = {
						CreatedOnToolsVersion = 16.3;
					};
					E424DF9E2ED74A2E00101ED9 = {
						CreatedOnToolsVersion = 16.3;
						TestTargetID = E424DF912ED74A2B00101ED9;
					};
					E424DFA82ED74A2E00101ED9 = {
						CreatedOnToolsVersion = 16.3;
						TestTargetID = E424DF912ED74A2B00101ED9;
					};
				};
			};
			buildConfigurationList = E424DF8D2ED74A2B00101ED9 /* Build configuration list for PBXProject "ColorChangeDemoApp" */;
			developmentRegion = en;
			hasScannedForEncodings = 0;
			knownRegions = (
				en,
				Base,
			);
			mainGroup = E424DF892ED74A2B00101ED9;
			minimizedProjectReferenceProxies = 1;
			preferredProjectObjectVersion = 77;
			productRefGroup = E424DF932ED74A2B00101ED9 /* Products */;
			projectDirPath = "";
			projectRoot = "";
			targets = (
				E424DF912ED74A2B00101ED9 /* ColorChangeDemoApp */,
				E424DF9E2ED74A2E00101ED9 /* ColorChangeDemoAppTests */,
				E424DFA82ED74A2E00101ED9 /* ColorChangeDemoAppUITests */,
			);
		};
/* End PBXProject section */

/* Begin PBXResourcesBuildPhase section */
		E424DF902ED74A2B00101ED9 /* Resources */ = {
			isa = PBXResourcesBuildPhase;
			buildActionMask = 2147483647;
			files = (
			);
			runOnlyForDeploymentPostprocessing = 0;
		};
		E424DF9D2ED74A2E00101ED9 /* Resources */ = {
			isa = PBXResourcesBuildPhase;
			buildActionMask = 2147483647;
			files = (
			);
			runOnlyForDeploymentPostprocessing = 0;
		};
		E424DFA72ED74A2E00101ED9 /* Resources */ = {
			isa = PBXResourcesBuildPhase;
			buildActionMask = 2147483647;
			files = (
			);
			runOnlyForDeploymentPostprocessing = 0;
		};
/* End PBXResourcesBuildPhase section */

/* Begin PBXSourcesBuildPhase section */
		E424DF8E2ED74A2B00101ED9 /* Sources */ = {
			isa = PBXSourcesBuildPhase;
			buildActionMask = 2147483647;
			files = (
			);
			runOnlyForDeploymentPostprocessing = 0;
		};
		E424DF9B2ED74A2E00101ED9 /* Sources */ = {
			isa = PBXSourcesBuildPhase;
			buildActionMask = 2147483647;
			files = (
			);
			runOnlyForDeploymentPostprocessing = 0;
		};
		E424DFA52ED74A2E00101ED9 /* Sources */ = {
			isa = PBXSourcesBuildPhase;
			buildActionMask = 2147483647;
			files = (
			);
			runOnlyForDeploymentPostprocessing = 0;
		};
/* End PBXSourcesBuildPhase section */

/* Begin PBXTargetDependency section */
		E424DFA12ED74A2E00101ED9 /* PBXTargetDependency */ = {
			isa = PBXTargetDependency;
			target = E424DF912ED74A2B00101ED9 /* ColorChangeDemoApp */;
			targetProxy = E424DFA02ED74A2E00101ED9 /* PBXContainerItemProxy */;
		};
		E424DFAB2ED74A2E00101ED9 /* PBXTargetDependency */ = {
			isa = PBXTargetDependency;
			target = E424DF912ED74A2B00101ED9 /* ColorChangeDemoApp */;
			targetProxy = E424DFAA2ED74A2E00101ED9 /* PBXContainerItemProxy */;
		};
/* End PBXTargetDependency section */

/* Begin XCBuildConfiguration section */
		E424DFB12ED74A2E00101ED9 /* Debug */ = {
			isa = XCBuildConfiguration;
			buildSettings = {
				ALWAYS_SEARCH_USER_PATHS = NO;
				ASSETCATALOG_COMPILER_GENERATE_SWIFT_ASSET_SYMBOL_EXTENSIONS = YES;
				CLANG_ANALYZER_NONNULL = YES;
				CLANG_ANALYZER_NUMBER_OBJECT_CONVERSION = YES_AGGRESSIVE;
				CLANG_CXX_LANGUAGE_STANDARD = "gnu++20";
				CLANG_ENABLE_MODULES = YES;
				CLANG_ENABLE_OBJC_ARC = YES;
				CLANG_ENABLE_OBJC_WEAK = YES;
				CLANG_WARN_BLOCK_CAPTURE_AUTORELEASING = YES;
				CLANG_WARN_BOOL_CONVERSION = YES;
				CLANG_WARN_COMMA = YES;
				CLANG_WARN_CONSTANT_CONVERSION = YES;
				CLANG_WARN_DEPRECATED_OBJC_IMPLEMENTATIONS = YES;
				CLANG_WARN_DIRECT_OBJC_ISA_USAGE = YES_ERROR;
				CLANG_WARN_DOCUMENTATION_COMMENTS = YES;
				CLANG_WARN_EMPTY_BODY = YES;
				CLANG_WARN_ENUM_CONVERSION = YES;
				CLANG_WARN_INFINITE_RECURSION = YES;
				CLANG_WARN_INT_CONVERSION = YES;
				CLANG_WARN_NON_LITERAL_NULL_CONVERSION = YES;
				CLANG_WARN_OBJC_IMPLICIT_RETAIN_SELF = YES;
				CLANG_WARN_OBJC_LITERAL_CONVERSION = YES;
				CLANG_WARN_OBJC_ROOT_CLASS = YES_ERROR;
				CLANG_WARN_QUOTED_INCLUDE_IN_FRAMEWORK_HEADER = YES;
				CLANG_WARN_RANGE_LOOP_ANALYSIS = YES;
				CLANG_WARN_STRICT_PROTOTYPES = YES;
				CLANG_WARN_SUSPICIOUS_MOVE = YES;
				CLANG_WARN_UNGUARDED_AVAILABILITY = YES_AGGRESSIVE;
				CLANG_WARN_UNREACHABLE_CODE = YES;
				CLANG_WARN__DUPLICATE_METHOD_MATCH = YES;
				COPY_PHASE_STRIP = NO;
				DEBUG_INFORMATION_FORMAT = dwarf;
				DEVELOPMENT_TEAM = AAX275JW4W;
				ENABLE_STRICT_OBJC_MSGSEND = YES;
				ENABLE_TESTABILITY = YES;
				ENABLE_USER_SCRIPT_SANDBOXING = YES;
				GCC_C_LANGUAGE_STANDARD = gnu17;
				GCC_DYNAMIC_NO_PIC = NO;
				GCC_NO_COMMON_BLOCKS = YES;
				GCC_OPTIMIZATION_LEVEL = 0;
				GCC_PREPROCESSOR_DEFINITIONS = (
					"DEBUG=1",
					"$(inherited)",
				);
				GCC_WARN_64_TO_32_BIT_CONVERSION = YES;
				GCC_WARN_ABOUT_RETURN_TYPE = YES_ERROR;
				GCC_WARN_UNDECLARED_SELECTOR = YES;
				GCC_WARN_UNINITIALIZED_AUTOS = YES_AGGRESSIVE;
				GCC_WARN_UNUSED_FUNCTION = YES;
				GCC_WARN_UNUSED_VARIABLE = YES;
				IPHONEOS_DEPLOYMENT_TARGET = 18.4;
				LOCALIZATION_PREFERS_STRING_CATALOGS = YES;
				MTL_ENABLE_DEBUG_INFO = INCLUDE_SOURCE;
				MTL_FAST_MATH = YES;
				ONLY_ACTIVE_ARCH = YES;
				SDKROOT = iphoneos;
				SWIFT_ACTIVE_COMPILATION_CONDITIONS = "DEBUG $(inherited)";
				SWIFT_OPTIMIZATION_LEVEL = "-Onone";
			};
			name = Debug;
		};
		E424DFB22ED74A2E00101ED9 /* Release */ = {
			isa = XCBuildConfiguration;
			buildSettings = {
				ALWAYS_SEARCH_USER_PATHS = NO;
				ASSETCATALOG_COMPILER_GENERATE_SWIFT_ASSET_SYMBOL_EXTENSIONS = YES;
				CLANG_ANALYZER_NONNULL = YES;
				CLANG_ANALYZER_NUMBER_OBJECT_CONVERSION = YES_AGGRESSIVE;
				CLANG_CXX_LANGUAGE_STANDARD = "gnu++20";
				CLANG_ENABLE_MODULES = YES;
				CLANG_ENABLE_OBJC_ARC = YES;
				CLANG_ENABLE_OBJC_WEAK = YES;
				CLANG_WARN_BLOCK_CAPTURE_AUTORELEASING = YES;
				CLANG_WARN_BOOL_CONVERSION = YES;
				CLANG_WARN_COMMA = YES;
				CLANG_WARN_CONSTANT_CONVERSION = YES;
				CLANG_WARN_DEPRECATED_OBJC_IMPLEMENTATIONS = YES;
				CLANG_WARN_DIRECT_OBJC_ISA_USAGE = YES_ERROR;
				CLANG_WARN_DOCUMENTATION_COMMENTS = YES;
				CLANG_WARN_EMPTY_BODY = YES;
				CLANG_WARN_ENUM_CONVERSION = YES;
				CLANG_WARN_INFINITE_RECURSION = YES;
				CLANG_WARN_INT_CONVERSION = YES;
				CLANG_WARN_NON_LITERAL_NULL_CONVERSION = YES;
				CLANG_WARN_OBJC_IMPLICIT_RETAIN_SELF = YES;
				CLANG_WARN_OBJC_LITERAL_CONVERSION = YES;
				CLANG_WARN_OBJC_ROOT_CLASS = YES_ERROR;
				CLANG_WARN_QUOTED_INCLUDE_IN_FRAMEWORK_HEADER = YES;
				CLANG_WARN_RANGE_LOOP_ANALYSIS = YES;
				CLANG_WARN_STRICT_PROTOTYPES = YES;
				CLANG_WARN_SUSPICIOUS_MOVE = YES;
				CLANG_WARN_UNGUARDED_AVAILABILITY = YES_AGGRESSIVE;
				CLANG_WARN_UNREACHABLE_CODE = YES;
				CLANG_WARN__DUPLICATE_METHOD_MATCH = YES;
				COPY_PHASE_STRIP = NO;
				DEBUG_INFORMATION_FORMAT = "dwarf-with-dsym";
				DEVELOPMENT_TEAM = AAX275JW4W;
				ENABLE_NS_ASSERTIONS = NO;
				ENABLE_STRICT_OBJC_MSGSEND = YES;
				ENABLE_USER_SCRIPT_SANDBOXING = YES;
				GCC_C_LANGUAGE_STANDARD = gnu17;
				GCC_NO_COMMON_BLOCKS = YES;
				GCC_WARN_64_TO_32_BIT_CONVERSION = YES;
				GCC_WARN_ABOUT_RETURN_TYPE = YES_ERROR;
				GCC_WARN_UNDECLARED_SELECTOR = YES;
				GCC_WARN_UNINITIALIZED_AUTOS = YES_AGGRESSIVE;
				GCC_WARN_UNUSED_FUNCTION = YES;
				GCC_WARN_UNUSED_VARIABLE = YES;
				IPHONEOS_DEPLOYMENT_TARGET = 18.4;
				LOCALIZATION_PREFERS_STRING_CATALOGS = YES;
				MTL_ENABLE_DEBUG_INFO = NO;
				MTL_FAST_MATH = YES;
				SDKROOT = iphoneos;
				SWIFT_COMPILATION_MODE = wholemodule;
				VALIDATE_PRODUCT = YES;
			};
			name = Release;
		};
		E424DFB42ED74A2E00101ED9 /* Debug */ = {
			isa = XCBuildConfiguration;
			buildSettings = {
				ASSETCATALOG_COMPILER_APPICON_NAME = AppIcon;
				ASSETCATALOG_COMPILER_GLOBAL_ACCENT_COLOR_NAME = AccentColor;
				CODE_SIGN_STYLE = Automatic;
				CURRENT_PROJECT_VERSION = 1;
				DEVELOPMENT_TEAM = AAX275JW4W;
				ENABLE_PREVIEWS = YES;
				GENERATE_INFOPLIST_FILE = YES;
				INFOPLIST_KEY_UIApplicationSceneManifest_Generation = YES;
				INFOPLIST_KEY_UIApplicationSupportsIndirectInputEvents = YES;
				INFOPLIST_KEY_UILaunchScreen_Generation = YES;
				INFOPLIST_KEY_UISupportedInterfaceOrientations_iPad = "UIInterfaceOrientationPortrait UIInterfaceOrientationPortraitUpsideDown UIInterfaceOrientationLandscapeLeft UIInterfaceOrientationLandscapeRight";
				INFOPLIST_KEY_UISupportedInterfaceOrientations_iPhone = "UIInterfaceOrientationPortrait UIInterfaceOrientationLandscapeLeft UIInterfaceOrientationLandscapeRight";
				LD_RUNPATH_SEARCH_PATHS = (
					"$(inherited)",
					"@executable_path/Frameworks",
				);
				MARKETING_VERSION = 1.0;
				PRODUCT_BUNDLE_IDENTIFIER = ColorChangeDemoApp.ColorChangeDemoApp;
				PRODUCT_NAME = "$(TARGET_NAME)";
				SWIFT_EMIT_LOC_STRINGS = YES;
				SWIFT_VERSION = 5.0;
				TARGETED_DEVICE_FAMILY = "1,2";
			};
			name = Debug;
		};
		E424DFB52ED74A2E00101ED9 /* Release */ = {
			isa = XCBuildConfiguration;
			buildSettings = {
				ASSETCATALOG_COMPILER_APPICON_NAME = AppIcon;
				ASSETCATALOG_COMPILER_GLOBAL_ACCENT_COLOR_NAME = AccentColor;
				CODE_SIGN_STYLE = Automatic;
				CURRENT_PROJECT_VERSION = 1;
				DEVELOPMENT_TEAM = AAX275JW4W;
				ENABLE_PREVIEWS = YES;
				GENERATE_INFOPLIST_FILE = YES;
				INFOPLIST_KEY_UIApplicationSceneManifest_Generation = YES;
				INFOPLIST_KEY_UIApplicationSupportsIndirectInputEvents = YES;
				INFOPLIST_KEY_UILaunchScreen_Generation = YES;
				INFOPLIST_KEY_UISupportedInterfaceOrientations_iPad = "UIInterfaceOrientationPortrait UIInterfaceOrientationPortraitUpsideDown UIInterfaceOrientationLandscapeLeft UIInterfaceOrientationLandscapeRight";
				INFOPLIST_KEY_UISupportedInterfaceOrientations_iPhone = "UIInterfaceOrientationPortrait UIInterfaceOrientationLandscapeLeft UIInterfaceOrientationLandscapeRight";
				LD_RUNPATH_SEARCH_PATHS = (
					"$(inherited)",
					"@executable_path/Frameworks",
				);
				MARKETING_VERSION = 1.0;
				PRODUCT_BUNDLE_IDENTIFIER = ColorChangeDemoApp.ColorChangeDemoApp;
				PRODUCT_NAME = "$(TARGET_NAME)";
				SWIFT_EMIT_LOC_STRINGS = YES;
				SWIFT_VERSION = 5.0;
				TARGETED_DEVICE_FAMILY = "1,2";
			};
			name = Release;
		};
		E424DFB72ED74A2E00101ED9 /* Debug */ = {
			isa = XCBuildConfiguration;
			buildSettings = {
				BUNDLE_LOADER = "$(TEST_HOST)";
				CODE_SIGN_STYLE = Automatic;
				CURRENT_PROJECT_VERSION = 1;
				DEVELOPMENT_TEAM = AAX275JW4W;
				GENERATE_INFOPLIST_FILE = YES;
				IPHONEOS_DEPLOYMENT_TARGET = 18.4;
				MARKETING_VERSION = 1.0;
				PRODUCT_BUNDLE_IDENTIFIER = ColorChangeDemoApp.ColorChangeDemoAppTests;
				PRODUCT_NAME = "$(TARGET_NAME)";
				SWIFT_EMIT_LOC_STRINGS = NO;
				SWIFT_VERSION = 5.0;
				TARGETED_DEVICE_FAMILY = "1,2";
				TEST_HOST = "$(BUILT_PRODUCTS_DIR)/ColorChangeDemoApp.app/$(BUNDLE_EXECUTABLE_FOLDER_PATH)/ColorChangeDemoApp";
			};
			name = Debug;
		};
		E424DFB82ED74A2E00101ED9 /* Release */ = {
			isa = XCBuildConfiguration;
			buildSettings = {
				BUNDLE_LOADER = "$(TEST_HOST)";
				CODE_SIGN_STYLE = Automatic;
				CURRENT_PROJECT_VERSION = 1;
				DEVELOPMENT_TEAM = AAX275JW4W;
				GENERATE_INFOPLIST_FILE = YES;
				IPHONEOS_DEPLOYMENT_TARGET = 18.4;
				MARKETING_VERSION = 1.0;
				PRODUCT_BUNDLE_IDENTIFIER = ColorChangeDemoApp.ColorChangeDemoAppTests;
				PRODUCT_NAME = "$(TARGET_NAME)";
				SWIFT_EMIT_LOC_STRINGS = NO;
				SWIFT_VERSION = 5.0;
				TARGETED_DEVICE_FAMILY = "1,2";
				TEST_HOST = "$(BUILT_PRODUCTS_DIR)/ColorChangeDemoApp.app/$(BUNDLE_EXECUTABLE_FOLDER_PATH)/ColorChangeDemoApp";
			};
			name = Release;
		};
		E424DFBA2ED74A2E00101ED9 /* Debug */ = {
			isa = XCBuildConfiguration;
			buildSettings = {
				CODE_SIGN_STYLE = Automatic;
				CURRENT_PROJECT_VERSION = 1;
				DEVELOPMENT_TEAM = AAX275JW4W;
				GENERATE_INFOPLIST_FILE = YES;
				MARKETING_VERSION = 1.0;
				PRODUCT_BUNDLE_IDENTIFIER = ColorChangeDemoApp.ColorChangeDemoAppUITests;
				PRODUCT_NAME = "$(TARGET_NAME)";
				SWIFT_EMIT_LOC_STRINGS = NO;
				SWIFT_VERSION = 5.0;
				TARGETED_DEVICE_FAMILY = "1,2";
				TEST_TARGET_NAME = ColorChangeDemoApp;
			};
			name = Debug;
		};
		E424DFBB2ED74A2E00101ED9 /* Release */ = {
			isa = XCBuildConfiguration;
			buildSettings = {
				CODE_SIGN_STYLE = Automatic;
				CURRENT_PROJECT_VERSION = 1;
				DEVELOPMENT_TEAM = AAX275JW4W;
				GENERATE_INFOPLIST_FILE = YES;
				MARKETING_VERSION = 1.0;
				PRODUCT_BUNDLE_IDENTIFIER = ColorChangeDemoApp.ColorChangeDemoAppUITests;
				PRODUCT_NAME = "$(TARGET_NAME)";
				SWIFT_EMIT_LOC_STRINGS = NO;
				SWIFT_VERSION = 5.0;
				TARGETED_DEVICE_FAMILY = "1,2";
				TEST_TARGET_NAME = ColorChangeDemoApp;
			};
			name = Release;
		};
/* End XCBuildConfiguration section */

/* Begin XCConfigurationList section */
		E424DF8D2ED74A2B00101ED9 /* Build configuration list for PBXProject "ColorChangeDemoApp" */ = {
			isa = XCConfigurationList;
			buildConfigurations = (
				E424DFB12ED74A2E00101ED9 /* Debug */,
				E424DFB22ED74A2E00101ED9 /* Release */,
			);
			defaultConfigurationIsVisible = 0;
			defaultConfigurationName = Release;
		};
		E424DFB32ED74A2E00101ED9 /* Build configuration list for PBXNativeTarget "ColorChangeDemoApp" */ = {
			isa = XCConfigurationList;
			buildConfigurations = (
				E424DFB42ED74A2E00101ED9 /* Debug */,
				E424DFB52ED74A2E00101ED9 /* Release */,
			);
			defaultConfigurationIsVisible = 0;
			defaultConfigurationName = Release;
		};
		E424DFB62ED74A2E00101ED9 /* Build configuration list for PBXNativeTarget "ColorChangeDemoAppTests" */ = {
			isa = XCConfigurationList;
			buildConfigurations = (
				E424DFB72ED74A2E00101ED9 /* Debug */,
				E424DFB82ED74A2E00101ED9 /* Release */,
			);
			defaultConfigurationIsVisible = 0;
			defaultConfigurationName = Release;
		};
		E424DFB92ED74A2E00101ED9 /* Build configuration list for PBXNativeTarget "ColorChangeDemoAppUITests" */ = {
			isa = XCConfigurationList;
			buildConfigurations = (
				E424DFBA2ED74A2E00101ED9 /* Debug */,
				E424DFBB2ED74A2E00101ED9 /* Release */,
			);
			defaultConfigurationIsVisible = 0;
			defaultConfigurationName = Release;
		};
/* End XCConfigurationList section */
	};
	rootObject = E424DF8A2ED74A2B00101ED9 /* Project object */;
}
